
Microsoft Visual Studio Solution File, Format Version 12.00
# Visual Studio Version 16
VisualStudioVersion = 16.0.30717.126
MinimumVisualStudioVersion = 10.0.40219.1
Project("{FAE04EC0-301F-11D3-BF4B-00C04F79EFBC}") = "DeliCode.Web", "DeliCode.Web\DeliCode.Web.csproj", "{F971357A-C9EF-4D7E-9B0F-77CFD27FDE08}"
EndProject
Global
	GlobalSection(SolutionConfigurationPlatforms) = preSolution
		Debug|Any CPU = Debug|Any CPU
		Release|Any CPU = Release|Any CPU
	EndGlobalSection
	GlobalSection(ProjectConfigurationPlatforms) = postSolution
		{F971357A-C9EF-4D7E-9B0F-77CFD27FDE08}.Debug|Any CPU.ActiveCfg = Debug|Any CPU
		{F971357A-C9EF-4D7E-9B0F-77CFD27FDE08}.Debug|Any CPU.Build.0 = Debug|Any CPU
		{F971357A-C9EF-4D7E-9B0F-77CFD27FDE08}.Release|Any CPU.ActiveCfg = Release|Any CPU
		{F971357A-C9EF-4D7E-9B0F-77CFD27FDE08}.Release|Any CPU.Build.0 = Release|Any CPU
	EndGlobalSection
	GlobalSection(SolutionProperties) = preSolution
		HideSolutionNode = FALSE
	EndGlobalSection
	GlobalSection(ExtensibilityGlobals) = postSolution
		SolutionGuid = {D797A7EF-34D4-49C8-BD7D-3B53DE66DAF6}
	EndGlobalSection
EndGlobal
